
Microsoft Visual Studio Solution File, Format Version 12.00
# Visual Studio Version 16
VisualStudioVersion = 16.0.31205.134
MinimumVisualStudioVersion = 10.0.40219.1
Project("{9A19103F-16F7-4668-BE54-9A1E7A4F7556}") = "SpisokPokupok", "SpisokPokupok\SpisokPokupok.csproj", "{956F1515-CBCE-450D-8A8A-992F37C2BD4D}"
EndProject
Project("{FAE04EC0-301F-11D3-BF4B-00C04F79EFBC}") = "JSON_Test", "JSON_Test\JSON_Test.csproj", "{3B287FFD-F353-42F4-B7A6-10A6EADB3C67}"
EndProject
Global
	GlobalSection(SolutionConfigurationPlatforms) = preSolution
		Debug|Any CPU = Debug|Any CPU
		Release|Any CPU = Release|Any CPU
	EndGlobalSection
	GlobalSection(ProjectConfigurationPlatforms) = postSolution
		{956F1515-CBCE-450D-8A8A-992F37C2BD4D}.Debug|Any CPU.ActiveCfg = Debug|Any CPU
		{956F1515-CBCE-450D-8A8A-992F37C2BD4D}.Debug|Any CPU.Build.0 = Debug|Any CPU
		{956F1515-CBCE-450D-8A8A-992F37C2BD4D}.Release|Any CPU.ActiveCfg = Release|Any CPU
		{956F1515-CBCE-450D-8A8A-992F37C2BD4D}.Release|Any CPU.Build.0 = Release|Any CPU
		{3B287FFD-F353-42F4-B7A6-10A6EADB3C67}.Debug|Any CPU.ActiveCfg = Debug|Any CPU
		{3B287FFD-F353-42F4-B7A6-10A6EADB3C67}.Debug|Any CPU.Build.0 = Debug|Any CPU
		{3B287FFD-F353-42F4-B7A6-10A6EADB3C67}.Release|Any CPU.ActiveCfg = Release|Any CPU
		{3B287FFD-F353-42F4-B7A6-10A6EADB3C67}.Release|Any CPU.Build.0 = Release|Any CPU
	EndGlobalSection
	GlobalSection(SolutionProperties) = preSolution
		HideSolutionNode = FALSE
	EndGlobalSection
	GlobalSection(ExtensibilityGlobals) = postSolution
		SolutionGuid = {1200BB85-886F-469A-9D35-805AA5A070AD}
	EndGlobalSection
EndGlobal
